
Microsoft Visual Studio Solution File, Format Version 12.00
# Visual Studio Version 17
VisualStudioVersion = 17.0.31903.59
MinimumVisualStudioVersion = 10.0.40219.1
Project("{FAE04EC0-301F-11D3-BF4B-00C04F79EFBC}") = "WebApi", "WebApi\WebApi.csproj", "{678D2411-A86A-4FED-8A66-1967870AEA8E}"
EndProject
Project("{FAE04EC0-301F-11D3-BF4B-00C04F79EFBC}") = "QuizCore", "QuizCore\QuizCore.csproj", "{B5294A93-AC4F-41B9-A62B-A2E4B6DEEE21}"
EndProject
Project("{FAE04EC0-301F-11D3-BF4B-00C04F79EFBC}") = "Quiz.Console", "Quiz.Console\Quiz.Console.csproj", "{058CE7EF-3DD9-4FF9-A07A-B7579BB80213}"
EndProject
Project("{FAE04EC0-301F-11D3-BF4B-00C04F79EFBC}") = "LokFrontend", "LokFrontend\LokFrontend.csproj", "{8CBDD6BD-2A5F-49EA-9B5B-219619B961CC}"
EndProject
Global
	GlobalSection(SolutionConfigurationPlatforms) = preSolution
		Debug|Any CPU = Debug|Any CPU
		Release|Any CPU = Release|Any CPU
	EndGlobalSection
	GlobalSection(ProjectConfigurationPlatforms) = postSolution
		{678D2411-A86A-4FED-8A66-1967870AEA8E}.Debug|Any CPU.ActiveCfg = Debug|Any CPU
		{678D2411-A86A-4FED-8A66-1967870AEA8E}.Debug|Any CPU.Build.0 = Debug|Any CPU
		{678D2411-A86A-4FED-8A66-1967870AEA8E}.Release|Any CPU.ActiveCfg = Release|Any CPU
		{678D2411-A86A-4FED-8A66-1967870AEA8E}.Release|Any CPU.Build.0 = Release|Any CPU
		{B5294A93-AC4F-41B9-A62B-A2E4B6DEEE21}.Debug|Any CPU.ActiveCfg = Debug|Any CPU
		{B5294A93-AC4F-41B9-A62B-A2E4B6DEEE21}.Debug|Any CPU.Build.0 = Debug|Any CPU
		{B5294A93-AC4F-41B9-A62B-A2E4B6DEEE21}.Release|Any CPU.ActiveCfg = Release|Any CPU
		{B5294A93-AC4F-41B9-A62B-A2E4B6DEEE21}.Release|Any CPU.Build.0 = Release|Any CPU
		{058CE7EF-3DD9-4FF9-A07A-B7579BB80213}.Debug|Any CPU.ActiveCfg = Debug|Any CPU
		{058CE7EF-3DD9-4FF9-A07A-B7579BB80213}.Debug|Any CPU.Build.0 = Debug|Any CPU
		{058CE7EF-3DD9-4FF9-A07A-B7579BB80213}.Release|Any CPU.ActiveCfg = Release|Any CPU
		{058CE7EF-3DD9-4FF9-A07A-B7579BB80213}.Release|Any CPU.Build.0 = Release|Any CPU
		{8CBDD6BD-2A5F-49EA-9B5B-219619B961CC}.Debug|Any CPU.ActiveCfg = Debug|Any CPU
		{8CBDD6BD-2A5F-49EA-9B5B-219619B961CC}.Debug|Any CPU.Build.0 = Debug|Any CPU
		{8CBDD6BD-2A5F-49EA-9B5B-219619B961CC}.Release|Any CPU.ActiveCfg = Release|Any CPU
		{8CBDD6BD-2A5F-49EA-9B5B-219619B961CC}.Release|Any CPU.Build.0 = Release|Any CPU
	EndGlobalSection
	GlobalSection(SolutionProperties) = preSolution
		HideSolutionNode = FALSE
	EndGlobalSection
	GlobalSection(ExtensibilityGlobals) = postSolution
		SolutionGuid = {E573E7AF-D74E-48C1-8903-04669D01B61A}
	EndGlobalSection
EndGlobal
